Microsoft Visual Studio Solution File, Format Version 12.00
# Visual Studio Version 17
VisualStudioVersion = 17.5.2.0
MinimumVisualStudioVersion = 10.0.40219.1
Project("{FAE04EC0-301F-11D3-BF4B-00C04F79EFBC}") = "form-app-backend", "form-app-backend.csproj", "{B77F648B-B3E2-AA57-E8EC-1A41994F8C40}"
EndProject
Global
	GlobalSection(SolutionConfigurationPlatforms) = preSolution
		Debug|Any CPU = Debug|Any CPU
		Release|Any CPU = Release|Any CPU
	EndGlobalSection
	GlobalSection(ProjectConfigurationPlatforms) = postSolution
		{B77F648B-B3E2-AA57-E8EC-1A41994F8C40}.Debug|Any CPU.ActiveCfg = Debug|Any CPU
		{B77F648B-B3E2-AA57-E8EC-1A41994F8C40}.Debug|Any CPU.Build.0 = Debug|Any CPU
		{B77F648B-B3E2-AA57-E8EC-1A41994F8C40}.Release|Any CPU.ActiveCfg = Release|Any CPU
		{B77F648B-B3E2-AA57-E8EC-1A41994F8C40}.Release|Any CPU.Build.0 = Release|Any CPU
	EndGlobalSection
	GlobalSection(SolutionProperties) = preSolution
		HideSolutionNode = FALSE
	EndGlobalSection
	GlobalSection(ExtensibilityGlobals) = postSolution
		SolutionGuid = {4E76297D-219B-495E-9A93-DF2AB16B5066}
	EndGlobalSection
EndGlobal
